Microsoft Visual Studio Solution File, Format Version 11.00
# Visual Studio 2008

Project("{355CFC80-3846-052E-5DF4-5F75FF2C15E3}") = "GearVR Demo", "Assembly-CSharp-firstpass.csproj", "{7423B7E4-55BB-2160-0C4F-91AA90A3BB3C}"
EndProject
Project("{355CFC80-3846-052E-5DF4-5F75FF2C15E3}") = "GearVR Demo", "Assembly-CSharp.csproj", "{A1A68645-6D17-2F64-8157-97B548039BB2}"
EndProject
Project("{355CFC80-3846-052E-5DF4-5F75FF2C15E3}") = "GearVR Demo", "Assembly-CSharp-Editor.csproj", "{3FDA04AF-E0B7-F2DC-9C2E-74E9634BCC4A}"
EndProject
Global
	GlobalSection(SolutionConfigurationPlatforms) = preSolution
		Debug|Any CPU = Debug|Any CPU
		Release|Any CPU = Release|Any CPU
	EndGlobalSection
	GlobalSection(ProjectConfigurationPlatforms) = postSolution
		{7423B7E4-55BB-2160-0C4F-91AA90A3BB3C}.Debug|Any CPU.ActiveCfg = Debug|Any CPU
		{7423B7E4-55BB-2160-0C4F-91AA90A3BB3C}.Debug|Any CPU.Build.0 = Debug|Any CPU
		{7423B7E4-55BB-2160-0C4F-91AA90A3BB3C}.Release|Any CPU.ActiveCfg = Release|Any CPU
		{7423B7E4-55BB-2160-0C4F-91AA90A3BB3C}.Release|Any CPU.Build.0 = Release|Any CPU
		{A1A68645-6D17-2F64-8157-97B548039BB2}.Debug|Any CPU.ActiveCfg = Debug|Any CPU
		{A1A68645-6D17-2F64-8157-97B548039BB2}.Debug|Any CPU.Build.0 = Debug|Any CPU
		{A1A68645-6D17-2F64-8157-97B548039BB2}.Release|Any CPU.ActiveCfg = Release|Any CPU
		{A1A68645-6D17-2F64-8157-97B548039BB2}.Release|Any CPU.Build.0 = Release|Any CPU
		{3FDA04AF-E0B7-F2DC-9C2E-74E9634BCC4A}.Debug|Any CPU.ActiveCfg = Debug|Any CPU
		{3FDA04AF-E0B7-F2DC-9C2E-74E9634BCC4A}.Debug|Any CPU.Build.0 = Debug|Any CPU
		{3FDA04AF-E0B7-F2DC-9C2E-74E9634BCC4A}.Release|Any CPU.ActiveCfg = Release|Any CPU
		{3FDA04AF-E0B7-F2DC-9C2E-74E9634BCC4A}.Release|Any CPU.Build.0 = Release|Any CPU
	EndGlobalSection
	GlobalSection(SolutionProperties) = preSolution
		HideSolutionNode = FALSE
	EndGlobalSection
	GlobalSection(MonoDevelopProperties) = preSolution
		StartupItem = Assembly-CSharp.csproj
	EndGlobalSection
EndGlobal
