
Microsoft Visual Studio Solution File, Format Version 12.00
# Visual Studio 2015
Project("{FAE04EC0-301F-11D3-BF4B-00C04F79EFBC}") = "GearVR Demo.Plugins", "GearVR Demo.Plugins.csproj", "{48DA13AA-10E3-C7D7-0D6C-82BCC76EABEA}"
EndProject
Project("{FAE04EC0-301F-11D3-BF4B-00C04F79EFBC}") = "GearVR Demo", "GearVR Demo.csproj", "{64984986-9A38-A999-D2DB-B6CE19BDBEF9}"
EndProject
Project("{FAE04EC0-301F-11D3-BF4B-00C04F79EFBC}") = "GearVR Demo.Editor", "GearVR Demo.Editor.csproj", "{C0364ECC-88F1-4E77-B569-F5ADCC1A5332}"
EndProject
Global
	GlobalSection(SolutionConfigurationPlatforms) = preSolution
		Debug|Any CPU = Debug|Any CPU
		Release|Any CPU = Release|Any CPU
	EndGlobalSection
	GlobalSection(ProjectConfigurationPlatforms) = postSolution
		{48DA13AA-10E3-C7D7-0D6C-82BCC76EABEA}.Debug|Any CPU.ActiveCfg = Debug|Any CPU
		{48DA13AA-10E3-C7D7-0D6C-82BCC76EABEA}.Debug|Any CPU.Build.0 = Debug|Any CPU
		{48DA13AA-10E3-C7D7-0D6C-82BCC76EABEA}.Release|Any CPU.ActiveCfg = Release|Any CPU
		{48DA13AA-10E3-C7D7-0D6C-82BCC76EABEA}.Release|Any CPU.Build.0 = Release|Any CPU
		{64984986-9A38-A999-D2DB-B6CE19BDBEF9}.Debug|Any CPU.ActiveCfg = Debug|Any CPU
		{64984986-9A38-A999-D2DB-B6CE19BDBEF9}.Debug|Any CPU.Build.0 = Debug|Any CPU
		{64984986-9A38-A999-D2DB-B6CE19BDBEF9}.Release|Any CPU.ActiveCfg = Release|Any CPU
		{64984986-9A38-A999-D2DB-B6CE19BDBEF9}.Release|Any CPU.Build.0 = Release|Any CPU
		{C0364ECC-88F1-4E77-B569-F5ADCC1A5332}.Debug|Any CPU.ActiveCfg = Debug|Any CPU
		{C0364ECC-88F1-4E77-B569-F5ADCC1A5332}.Debug|Any CPU.Build.0 = Debug|Any CPU
		{C0364ECC-88F1-4E77-B569-F5ADCC1A5332}.Release|Any CPU.ActiveCfg = Release|Any CPU
		{C0364ECC-88F1-4E77-B569-F5ADCC1A5332}.Release|Any CPU.Build.0 = Release|Any CPU
	EndGlobalSection
	GlobalSection(SolutionProperties) = preSolution
		HideSolutionNode = FALSE
	EndGlobalSection
EndGlobal
